
Microsoft Visual Studio Solution File, Format Version 12.00
# Visual Studio 15
VisualStudioVersion = 15.0.28307.489
MinimumVisualStudioVersion = 10.0.40219.1
Project("{FAE04EC0-301F-11D3-BF4B-00C04F79EFBC}") = "Calculator", "Calculator\Calculator.csproj", "{71CBF737-F4E1-47EC-A710-6C32691A15FF}"
EndProject
Project("{FAE04EC0-301F-11D3-BF4B-00C04F79EFBC}") = "Calculator.Tests", "Calculator.Tests\Calculator.Tests.csproj", "{C75C5BB6-AC62-4341-B7C9-00CFE1747AF0}"
EndProject
Global
	GlobalSection(SolutionConfigurationPlatforms) = preSolution
		Debug|Any CPU = Debug|Any CPU
		Release|Any CPU = Release|Any CPU
	EndGlobalSection
	GlobalSection(ProjectConfigurationPlatforms) = postSolution
		{71CBF737-F4E1-47EC-A710-6C32691A15FF}.Debug|Any CPU.ActiveCfg = Debug|Any CPU
		{71CBF737-F4E1-47EC-A710-6C32691A15FF}.Debug|Any CPU.Build.0 = Debug|Any CPU
		{71CBF737-F4E1-47EC-A710-6C32691A15FF}.Release|Any CPU.ActiveCfg = Release|Any CPU
		{71CBF737-F4E1-47EC-A710-6C32691A15FF}.Release|Any CPU.Build.0 = Release|Any CPU
		{C75C5BB6-AC62-4341-B7C9-00CFE1747AF0}.Debug|Any CPU.ActiveCfg = Debug|Any CPU
		{C75C5BB6-AC62-4341-B7C9-00CFE1747AF0}.Debug|Any CPU.Build.0 = Debug|Any CPU
		{C75C5BB6-AC62-4341-B7C9-00CFE1747AF0}.Release|Any CPU.ActiveCfg = Release|Any CPU
		{C75C5BB6-AC62-4341-B7C9-00CFE1747AF0}.Release|Any CPU.Build.0 = Release|Any CPU
	EndGlobalSection
	GlobalSection(SolutionProperties) = preSolution
		HideSolutionNode = FALSE
	EndGlobalSection
	GlobalSection(ExtensibilityGlobals) = postSolution
		SolutionGuid = {D0160067-70B1-453B-B4F9-F97DD9D29CCA}
	EndGlobalSection
EndGlobal
